packages:
  - local: packages/core
  - local: packages/favrit
  - local: packages/fortnox
  - local: packages/seventime
  - local: packages/shopify
  - local: packages/tempo
  - local: packages/tripletex
  - local: packages/upsales
  - local: packages/visma_eaccounting
  - local: packages/visma_economic
sha1_hash: dc0b02c99a20271e027ae038bcfb04324773b14f
