packages:
  - package: dbt-labs/dbt_utils
    version: 1.4.1
  - local: packages/core
  - local: packages/favrit
  - local: packages/fortnox
  - local: packages/seventime
  - local: packages/shopify
  - local: packages/tempo
  - local: packages/tripletex
  - local: packages/upsales
  - local: packages/visma_eaccounting
  - local: packages/visma_economic
  - local: packages/xledger
sha1_hash: c2f10c4d7621330c9902c9869518d2ffa9937c5d
