packages:
  - local: packages/core
  - local: packages/favrit
  - local: packages/fortnox
  - local: packages/seventime
  - local: packages/shopify
  - local: packages/tempo
  - local: packages/tripletex
  - local: packages/upsales
  - local: packages/visma_eaccounting
  - local: packages/visma_economic
  - local: packages/xledger
sha1_hash: 4a94027e1c02c96f60a5bd004977aa462d6972de
